
Microsoft Visual Studio Solution File, Format Version 12.00
# Visual Studio Version 16
VisualStudioVersion = 16.0.35229.62
MinimumVisualStudioVersion = 10.0.40219.1
Project("{FAE04EC0-301F-11D3-BF4B-00C04F79EFBC}") = "Repositorio_CL", "Repositorio_CL.csproj", "{2E2A2A81-B3E4-47AF-8A62-B7D43ABF6CF0}"
EndProject
Global
	GlobalSection(SolutionConfigurationPlatforms) = preSolution
		Debug|Any CPU = Debug|Any CPU
		Release|Any CPU = Release|Any CPU
	EndGlobalSection
	GlobalSection(ProjectConfigurationPlatforms) = postSolution
		{2E2A2A81-B3E4-47AF-8A62-B7D43ABF6CF0}.Debug|Any CPU.ActiveCfg = Debug|Any CPU
		{2E2A2A81-B3E4-47AF-8A62-B7D43ABF6CF0}.Debug|Any CPU.Build.0 = Debug|Any CPU
		{2E2A2A81-B3E4-47AF-8A62-B7D43ABF6CF0}.Release|Any CPU.ActiveCfg = Release|Any CPU
		{2E2A2A81-B3E4-47AF-8A62-B7D43ABF6CF0}.Release|Any CPU.Build.0 = Release|Any CPU
	EndGlobalSection
	GlobalSection(SolutionProperties) = preSolution
		HideSolutionNode = FALSE
	EndGlobalSection
	GlobalSection(ExtensibilityGlobals) = postSolution
		SolutionGuid = {6E4B0B41-5ED5-47CD-8CD5-E39078F96788}
	EndGlobalSection
EndGlobal
